
Microsoft Visual Studio Solution File, Format Version 12.00
# Visual Studio Version 17
VisualStudioVersion = 17.9.34723.18
MinimumVisualStudioVersion = 10.0.40219.1
Project("{FAE04EC0-301F-11D3-BF4B-00C04F79EFBC}") = "ConsoleApp48", "ConsoleApp48\ConsoleApp48.csproj", "{B1B8D373-BFC8-479B-8F45-8F6F5F477E94}"
EndProject
Global
	GlobalSection(SolutionConfigurationPlatforms) = preSolution
		Debug|Any CPU = Debug|Any CPU
		Release|Any CPU = Release|Any CPU
	EndGlobalSection
	GlobalSection(ProjectConfigurationPlatforms) = postSolution
		{B1B8D373-BFC8-479B-8F45-8F6F5F477E94}.Debug|Any CPU.ActiveCfg = Debug|Any CPU
		{B1B8D373-BFC8-479B-8F45-8F6F5F477E94}.Debug|Any CPU.Build.0 = Debug|Any CPU
		{B1B8D373-BFC8-479B-8F45-8F6F5F477E94}.Release|Any CPU.ActiveCfg = Release|Any CPU
		{B1B8D373-BFC8-479B-8F45-8F6F5F477E94}.Release|Any CPU.Build.0 = Release|Any CPU
	EndGlobalSection
	GlobalSection(SolutionProperties) = preSolution
		HideSolutionNode = FALSE
	EndGlobalSection
	GlobalSection(ExtensibilityGlobals) = postSolution
		SolutionGuid = {50E0687E-7F80-4AB7-A015-FF074C9DF2A0}
	EndGlobalSection
EndGlobal
